
Microsoft Visual Studio Solution File, Format Version 12.00
# Visual Studio 14
VisualStudioVersion = 14.0.24720.0
MinimumVisualStudioVersion = 10.0.40219.1
Project("{FAE04EC0-301F-11D3-BF4B-00C04F79EFBC}") = "ExploreDhaka", "ExploreDhaka\ExploreDhaka.csproj", "{A49B22C5-EA78-4F1C-B920-4E7F99E1A0CC}"
EndProject
Global
	GlobalSection(SolutionConfigurationPlatforms) = preSolution
		Debug|Any CPU = Debug|Any CPU
		Release|Any CPU = Release|Any CPU
	EndGlobalSection
	GlobalSection(ProjectConfigurationPlatforms) = postSolution
		{A49B22C5-EA78-4F1C-B920-4E7F99E1A0CC}.Debug|Any CPU.ActiveCfg = Debug|Any CPU
		{A49B22C5-EA78-4F1C-B920-4E7F99E1A0CC}.Debug|Any CPU.Build.0 = Debug|Any CPU
		{A49B22C5-EA78-4F1C-B920-4E7F99E1A0CC}.Release|Any CPU.ActiveCfg = Release|Any CPU
		{A49B22C5-EA78-4F1C-B920-4E7F99E1A0CC}.Release|Any CPU.Build.0 = Release|Any CPU
	EndGlobalSection
	GlobalSection(SolutionProperties) = preSolution
		HideSolutionNode = FALSE
	EndGlobalSection
EndGlobal
